
Microsoft Visual Studio Solution File, Format Version 12.00
# Visual Studio Version 16
VisualStudioVersion = 16.0.31424.327
MinimumVisualStudioVersion = 10.0.40219.1
Project("{9A19103F-16F7-4668-BE54-9A1E7A4F7556}") = "PostCodeAPi", "PostCodeAPi\PostCodeAPi.csproj", "{FB8EA3D9-29D8-44EA-8B59-752293DCA88D}"
EndProject
Project("{FAE04EC0-301F-11D3-BF4B-00C04F79EFBC}") = "TestProject1", "TestProject1\TestProject1.csproj", "{DAD6F8E7-5722-42CB-B5FA-4B808DFF5ABE}"
EndProject
Global
	GlobalSection(SolutionConfigurationPlatforms) = preSolution
		Debug|Any CPU = Debug|Any CPU
		Release|Any CPU = Release|Any CPU
	EndGlobalSection
	GlobalSection(ProjectConfigurationPlatforms) = postSolution
		{FB8EA3D9-29D8-44EA-8B59-752293DCA88D}.Debug|Any CPU.ActiveCfg = Debug|Any CPU
		{FB8EA3D9-29D8-44EA-8B59-752293DCA88D}.Debug|Any CPU.Build.0 = Debug|Any CPU
		{FB8EA3D9-29D8-44EA-8B59-752293DCA88D}.Release|Any CPU.ActiveCfg = Release|Any CPU
		{FB8EA3D9-29D8-44EA-8B59-752293DCA88D}.Release|Any CPU.Build.0 = Release|Any CPU
		{DAD6F8E7-5722-42CB-B5FA-4B808DFF5ABE}.Debug|Any CPU.ActiveCfg = Debug|Any CPU
		{DAD6F8E7-5722-42CB-B5FA-4B808DFF5ABE}.Debug|Any CPU.Build.0 = Debug|Any CPU
		{DAD6F8E7-5722-42CB-B5FA-4B808DFF5ABE}.Release|Any CPU.ActiveCfg = Release|Any CPU
		{DAD6F8E7-5722-42CB-B5FA-4B808DFF5ABE}.Release|Any CPU.Build.0 = Release|Any CPU
	EndGlobalSection
	GlobalSection(SolutionProperties) = preSolution
		HideSolutionNode = FALSE
	EndGlobalSection
	GlobalSection(ExtensibilityGlobals) = postSolution
		SolutionGuid = {4280E835-3513-4A7C-810E-E06DDDD2A56C}
	EndGlobalSection
EndGlobal
